
Microsoft Visual Studio Solution File, Format Version 12.00
# Visual Studio Version 16
VisualStudioVersion = 16.0.30002.166
MinimumVisualStudioVersion = 10.0.40219.1
Project("{9092AA53-FB77-4645-B42D-1CCCA6BD08BD}") = "NodejsWebApp1", "NodejsWebApp1\NodejsWebApp1.njsproj", "{6EAA81EC-BF8C-4813-97C6-0B44ECA85E59}"
EndProject
Global
	GlobalSection(SolutionConfigurationPlatforms) = preSolution
		Debug|Any CPU = Debug|Any CPU
		Release|Any CPU = Release|Any CPU
	EndGlobalSection
	GlobalSection(ProjectConfigurationPlatforms) = postSolution
		{6EAA81EC-BF8C-4813-97C6-0B44ECA85E59}.Debug|Any CPU.ActiveCfg = Debug|Any CPU
		{6EAA81EC-BF8C-4813-97C6-0B44ECA85E59}.Debug|Any CPU.Build.0 = Debug|Any CPU
		{6EAA81EC-BF8C-4813-97C6-0B44ECA85E59}.Release|Any CPU.ActiveCfg = Release|Any CPU
		{6EAA81EC-BF8C-4813-97C6-0B44ECA85E59}.Release|Any CPU.Build.0 = Release|Any CPU
	EndGlobalSection
	GlobalSection(SolutionProperties) = preSolution
		HideSolutionNode = FALSE
	EndGlobalSection
	GlobalSection(ExtensibilityGlobals) = postSolution
		SolutionGuid = {A9BD2B8B-E736-47DC-805F-36355D649F0B}
	EndGlobalSection
EndGlobal
